{
  "name": "newsletter-publisher",
  "version": "1.0.0",
  "lockfileVersion": 2,
  "requires": true,
  "packages": {
    "": {
      "name": "newsletter-publisher",
      "version": "1.0.0",
      "license": "ISC",
      "dependencies": {
        "@fortawesome/fontawesome-free": "^5.1.0-9",
        "fortawesome": "^0.0.1-security"
      }
    },
    "node_modules/@fortawesome/fontawesome-free": {
      "version": "5.1.0-9",
      "resolved": "https://registry.npmjs.org/@fortawesome/fontawesome-free/-/fontawesome-free-5.1.0-9.tgz",
      "integrity": "sha512-F5Iz5k+Jj5+YDLcFb4pskOmKncsq3Y/ez6eCCCneLpcredQJd1uqTGC/WK5cYOS/h+c/6N4zj1YI5saDgOVaRg==",
      "engines": {
        "node": ">=6"
      }
    },
    "node_modules/fortawesome": {
      "version": "0.0.1-security",
      "resolved": "https://registry.npmjs.org/fortawesome/-/fortawesome-0.0.1-security.tgz",
      "integrity": "sha512-o/pwn9ZSnveFLYP0d5IejSwz0rpGMDQsBaYVvR8WXSvnxILIwh7IUJK0P90QMF4cnIyouVF2BGrz0LEVSyzimA=="
    }
  },
  "dependencies": {
    "@fortawesome/fontawesome-free": {
      "version": "5.1.0-9",
      "resolved": "https://registry.npmjs.org/@fortawesome/fontawesome-free/-/fontawesome-free-5.1.0-9.tgz",
      "integrity": "sha512-F5Iz5k+Jj5+YDLcFb4pskOmKncsq3Y/ez6eCCCneLpcredQJd1uqTGC/WK5cYOS/h+c/6N4zj1YI5saDgOVaRg=="
    },
    "fortawesome": {
      "version": "0.0.1-security",
      "resolved": "https://registry.npmjs.org/fortawesome/-/fortawesome-0.0.1-security.tgz",
      "integrity": "sha512-o/pwn9ZSnveFLYP0d5IejSwz0rpGMDQsBaYVvR8WXSvnxILIwh7IUJK0P90QMF4cnIyouVF2BGrz0LEVSyzimA=="
    }
  }
}
